
Microsoft Visual Studio Solution File, Format Version 12.00
# Visual Studio Version 16
VisualStudioVersion = 16.0.31019.35
MinimumVisualStudioVersion = 10.0.40219.1
Project("{FAE04EC0-301F-11D3-BF4B-00C04F79EFBC}") = "BEN-ID_1302194006_Hafiz Aditya Rozzaqy", "BEN-ID_1302194006_Hafiz Aditya Rozzaqy\BEN-ID_1302194006_Hafiz Aditya Rozzaqy.csproj", "{9E4CE349-B558-40A5-A5AC-2A8EBA095601}"
EndProject
Global
	GlobalSection(SolutionConfigurationPlatforms) = preSolution
		Debug|Any CPU = Debug|Any CPU
		Release|Any CPU = Release|Any CPU
	EndGlobalSection
	GlobalSection(ProjectConfigurationPlatforms) = postSolution
		{9E4CE349-B558-40A5-A5AC-2A8EBA095601}.Debug|Any CPU.ActiveCfg = Debug|Any CPU
		{9E4CE349-B558-40A5-A5AC-2A8EBA095601}.Debug|Any CPU.Build.0 = Debug|Any CPU
		{9E4CE349-B558-40A5-A5AC-2A8EBA095601}.Release|Any CPU.ActiveCfg = Release|Any CPU
		{9E4CE349-B558-40A5-A5AC-2A8EBA095601}.Release|Any CPU.Build.0 = Release|Any CPU
	EndGlobalSection
	GlobalSection(SolutionProperties) = preSolution
		HideSolutionNode = FALSE
	EndGlobalSection
	GlobalSection(ExtensibilityGlobals) = postSolution
		SolutionGuid = {97ADF6B2-2D31-4A45-B085-BDC53043304E}
	EndGlobalSection
EndGlobal
